
Microsoft Visual Studio Solution File, Format Version 12.00
# Visual Studio Version 17
VisualStudioVersion = 17.4.33213.308
MinimumVisualStudioVersion = 10.0.40219.1
Project("{9A19103F-16F7-4668-BE54-9A1E7A4F7556}") = "FinalGame", "FinalGame\FinalGame.csproj", "{4FA5B823-4C5B-4790-BB51-2CEB860DCDAA}"
EndProject
Project("{9A19103F-16F7-4668-BE54-9A1E7A4F7556}") = "MonoGameLibrary", "..\..\..\PROG_410\GameProgramming2\jeff\mg3.8\MonoGameLibrary\MonoGameLibrary.csproj", "{41E2E38A-3F1E-4672-8DAD-BB04900CB0EF}"
EndProject
Global
	GlobalSection(SolutionConfigurationPlatforms) = preSolution
		Debug|Any CPU = Debug|Any CPU
		Release|Any CPU = Release|Any CPU
	EndGlobalSection
	GlobalSection(ProjectConfigurationPlatforms) = postSolution
		{4FA5B823-4C5B-4790-BB51-2CEB860DCDAA}.Debug|Any CPU.ActiveCfg = Debug|Any CPU
		{4FA5B823-4C5B-4790-BB51-2CEB860DCDAA}.Debug|Any CPU.Build.0 = Debug|Any CPU
		{4FA5B823-4C5B-4790-BB51-2CEB860DCDAA}.Release|Any CPU.ActiveCfg = Release|Any CPU
		{4FA5B823-4C5B-4790-BB51-2CEB860DCDAA}.Release|Any CPU.Build.0 = Release|Any CPU
		{41E2E38A-3F1E-4672-8DAD-BB04900CB0EF}.Debug|Any CPU.ActiveCfg = Debug|Any CPU
		{41E2E38A-3F1E-4672-8DAD-BB04900CB0EF}.Debug|Any CPU.Build.0 = Debug|Any CPU
		{41E2E38A-3F1E-4672-8DAD-BB04900CB0EF}.Release|Any CPU.ActiveCfg = Release|Any CPU
		{41E2E38A-3F1E-4672-8DAD-BB04900CB0EF}.Release|Any CPU.Build.0 = Release|Any CPU
	EndGlobalSection
	GlobalSection(SolutionProperties) = preSolution
		HideSolutionNode = FALSE
	EndGlobalSection
	GlobalSection(ExtensibilityGlobals) = postSolution
		SolutionGuid = {59E5EA18-0D55-4A57-A9B1-D617A9B6B992}
	EndGlobalSection
EndGlobal
